
Microsoft Visual Studio Solution File, Format Version 12.00
# Visual Studio 15
VisualStudioVersion = 15.0.28307.757
MinimumVisualStudioVersion = 10.0.40219.1
Project("{FAE04EC0-301F-11D3-BF4B-00C04F79EFBC}") = "rules-engine-demo", "rules-engine-demo\rules-engine-demo.csproj", "{7B7D2ED2-995B-4914-B865-6563D09416C0}"
EndProject
Global
	GlobalSection(SolutionConfigurationPlatforms) = preSolution
		Debug|Any CPU = Debug|Any CPU
		Release|Any CPU = Release|Any CPU
	EndGlobalSection
	GlobalSection(ProjectConfigurationPlatforms) = postSolution
		{7B7D2ED2-995B-4914-B865-6563D09416C0}.Debug|Any CPU.ActiveCfg = Debug|Any CPU
		{7B7D2ED2-995B-4914-B865-6563D09416C0}.Debug|Any CPU.Build.0 = Debug|Any CPU
		{7B7D2ED2-995B-4914-B865-6563D09416C0}.Release|Any CPU.ActiveCfg = Release|Any CPU
		{7B7D2ED2-995B-4914-B865-6563D09416C0}.Release|Any CPU.Build.0 = Release|Any CPU
	EndGlobalSection
	GlobalSection(SolutionProperties) = preSolution
		HideSolutionNode = FALSE
	EndGlobalSection
	GlobalSection(ExtensibilityGlobals) = postSolution
		SolutionGuid = {051CE7FF-06DA-444C-90DB-958C1938A163}
	EndGlobalSection
EndGlobal
